// !$*UTF8*$!
{
	archiveVersion = 1;
	classes = {
	};
	objectVersion = 56;
	objects = {

/* Begin PBXBuildFile section */
		BD8A4C992A7A50CB005B473C /* NewsPage.swift in Sources */ = {isa = PBXBuildFile; fileRef = BD8A4C982A7A50CB005B473C /* NewsPage.swift */; };
		BD8A4C9B2A7A50D7005B473C /* QuotesPage.swift in Sources */ = {isa = PBXBuildFile; fileRef = BD8A4C9A2A7A50D7005B473C /* QuotesPage.swift */; };
		BD8A4C9D2A7A50E9005B473C /* CalendarPage.swift in Sources */ = {isa = PBXBuildFile; fileRef = BD8A4C9C2A7A50E9005B473C /* CalendarPage.swift */; };
		BD8A4C9F2A7A50F9005B473C /* ResourcesPage.swift in Sources */ = {isa = PBXBuildFile; fileRef = BD8A4C9E2A7A50F9005B473C /* ResourcesPage.swift */; };
		BD8A4CA12A7A511E005B473C /* JournalPage.swift in Sources */ = {isa = PBXBuildFile; fileRef = BD8A4CA02A7A511E005B473C /* JournalPage.swift */; };
		BDCEEBDE2A78FB56003220C2 /* StudiBudiAppApp.swift in Sources */ = {isa = PBXBuildFile; fileRef = BDCEEBDD2A78FB56003220C2 /* StudiBudiAppApp.swift */; };
		BDCEEBE02A78FB56003220C2 /* ContentView.swift in Sources */ = {isa = PBXBuildFile; fileRef = BDCEEBDF2A78FB56003220C2 /* ContentView.swift */; };
		BDCEEBE22A78FB58003220C2 /* Assets.xcassets in Resources */ = {isa = PBXBuildFile; fileRef = BDCEEBE12A78FB58003220C2 /* Assets.xcassets */; };
		BDCEEBE52A78FB58003220C2 /* Preview Assets.xcassets in Resources */ = {isa = PBXBuildFile; fileRef = BDCEEBE42A78FB58003220C2 /* Preview Assets.xcassets */; };
/* End PBXBuildFile section */

/* Begin PBXFileReference section */
		BD8A4C982A7A50CB005B473C /* NewsPage.swift */ = {isa = PBXFileReference; lastKnownFileType = sourcecode.swift; path = NewsPage.swift; sourceTree = "<group>"; };
		BD8A4C9A2A7A50D7005B473C /* QuotesPage.swift */ = {isa = PBXFileReference; lastKnownFileType = sourcecode.swift; path = QuotesPage.swift; sourceTree = "<group>"; };
		BD8A4C9C2A7A50E9005B473C /* CalendarPage.swift */ = {isa = PBXFileReference; lastKnownFileType = sourcecode.swift; path = CalendarPage.swift; sourceTree = "<group>"; };
		BD8A4C9E2A7A50F9005B473C /* ResourcesPage.swift */ = {isa = PBXFileReference; lastKnownFileType = sourcecode.swift; path = ResourcesPage.swift; sourceTree = "<group>"; };
		BD8A4CA02A7A511E005B473C /* JournalPage.swift */ = {isa = PBXFileReference; lastKnownFileType = sourcecode.swift; path = JournalPage.swift; sourceTree = "<group>"; };
		BDCEEBDA2A78FB56003220C2 /* StudiBudiApp.app */ = {isa = PBXFileReference; explicitFileType = wrapper.application; includeInIndex = 0; path = StudiBudiApp.app; sourceTree = BUILT_PRODUCTS_DIR; };
		BDCEEBDD2A78FB56003220C2 /* StudiBudiAppApp.swift */ = {isa = PBXFileReference; lastKnownFileType = sourcecode.swift; path = StudiBudiAppApp.swift; sourceTree = "<group>"; };
		BDCEEBDF2A78FB56003220C2 /* ContentView.swift */ = {isa = PBXFileReference; lastKnownFileType = sourcecode.swift; path = ContentView.swift; sourceTree = "<group>"; };
		BDCEEBE12A78FB58003220C2 /* Assets.xcassets */ = {isa = PBXFileReference; lastKnownFileType = folder.assetcatalog; path = Assets.xcassets; sourceTree = "<group>"; };
		BDCEEBE42A78FB58003220C2 /* Preview Assets.xcassets */ = {isa = PBXFileReference; lastKnownFileType = folder.assetcatalog; path = "Preview Assets.xcassets"; sourceTree = "<group>"; };
/* End PBXFileReference section */

/* Begin PBXFrameworksBuildPhase section */
		BDCEEBD72A78FB56003220C2 /* Frameworks */ = {
			isa = PBXFrameworksBuildPhase;
			buildActionMask = 2147483647;
			files = (
			);
			runOnlyForDeploymentPostprocessing = 0;
		};
/* End PBXFrameworksBuildPhase section */

/* Begin PBXGroup section */
		BDCEEBD12A78FB56003220C2 = {
			isa = PBXGroup;
			children = (
				BD8A4C982A7A50CB005B473C /* NewsPage.swift */,
				BD8A4C9A2A7A50D7005B473C /* QuotesPage.swift */,
				BD8A4C9C2A7A50E9005B473C /* CalendarPage.swift */,
				BD8A4C9E2A7A50F9005B473C /* ResourcesPage.swift */,
				BD8A4CA02A7A511E005B473C /* JournalPage.swift */,
				BDCEEBDC2A78FB56003220C2 /* StudiBudiApp */,
				BDCEEBDB2A78FB56003220C2 /* Products */,
			);
			sourceTree = "<group>";
		};
		BDCEEBDB2A78FB56003220C2 /* Products */ = {
			isa = PBXGroup;
			children = (
				BDCEEBDA2A78FB56003220C2 /* StudiBudiApp.app */,
			);
			name = Products;
			sourceTree = "<group>";
		};
		BDCEEBDC2A78FB56003220C2 /* StudiBudiApp */ = {
			isa = PBXGroup;
			children = (
				BDCEEBDD2A78FB56003220C2 /* StudiBudiAppApp.swift */,
				BDCEEBDF2A78FB56003220C2 /* ContentView.swift */,
				BDCEEBE12A78FB58003220C2 /* Assets.xcassets */,
				BDCEEBE32A78FB58003220C2 /* Preview Content */,
			);
			path = StudiBudiApp;
			sourceTree = "<group>";
		};
		BDCEEBE32A78FB58003220C2 /* Preview Content */ = {
			isa = PBXGroup;
			children = (
				BDCEEBE42A78FB58003220C2 /* Preview Assets.xcassets */,
			);
			path = "Preview Content";
			sourceTree = "<group>";
		};
/* End PBXGroup section */

/* Begin PBXNativeTarget section */
		BDCEEBD92A78FB56003220C2 /* StudiBudiApp */ = {
			isa = PBXNativeTarget;
			buildConfigurationList = BDCEEBE82A78FB58003220C2 /* Build configuration list for PBXNativeTarget "StudiBudiApp" */;
			buildPhases = (
				BDCEEBD62A78FB56003220C2 /* Sources */,
				BDCEEBD72A78FB56003220C2 /* Frameworks */,
				BDCEEBD82A78FB56003220C2 /* Resources */,
			);
			buildRules = (
			);
			dependencies = (
			);
			name = StudiBudiApp;
			productName = StudiBudiApp;
			productReference = BDCEEBDA2A78FB56003220C2 /* StudiBudiApp.app */;
			productType = "com.apple.product-type.application";
		};
/* End PBXNativeTarget section */

/* Begin PBXProject section */
		BDCEEBD22A78FB56003220C2 /* Project object */ = {
			isa = PBXProject;
			attributes = {
				BuildIndependentTargetsInParallel = 1;
				LastSwiftUpdateCheck = 1430;
				LastUpgradeCheck = 1430;
				TargetAttributes = {
					BDCEEBD92A78FB56003220C2 = {
						CreatedOnToolsVersion = 14.3.1;
					};
				};
			};
			buildConfigurationList = BDCEEBD52A78FB56003220C2 /* Build configuration list for PBXProject "StudiBudiApp" */;
			compatibilityVersion = "Xcode 14.0";
			developmentRegion = en;
			hasScannedForEncodings = 0;
			knownRegions = (
				en,
				Base,
			);
			mainGroup = BDCEEBD12A78FB56003220C2;
			productRefGroup = BDCEEBDB2A78FB56003220C2 /* Products */;
			projectDirPath = "";
			projectRoot = "";
			targets = (
				BDCEEBD92A78FB56003220C2 /* StudiBudiApp */,
			);
		};
/* End PBXProject section */

/* Begin PBXResourcesBuildPhase section */
		BDCEEBD82A78FB56003220C2 /* Resources */ = {
			isa = PBXResourcesBuildPhase;
			buildActionMask = 2147483647;
			files = (
				BDCEEBE52A78FB58003220C2 /* Preview Assets.xcassets in Resources */,
				BDCEEBE22A78FB58003220C2 /* Assets.xcassets in Resources */,
			);
			runOnlyForDeploymentPostprocessing = 0;
		};
/* End PBXResourcesBuildPhase section */

/* Begin PBXSourcesBuildPhase section */
		BDCEEBD62A78FB56003220C2 /* Sources */ = {
			isa = PBXSourcesBuildPhase;
			buildActionMask = 2147483647;
			files = (
				BD8A4C9D2A7A50E9005B473C /* CalendarPage.swift in Sources */,
				BDCEEBE02A78FB56003220C2 /* ContentView.swift in Sources */,
				BD8A4CA12A7A511E005B473C /* JournalPage.swift in Sources */,
				BD8A4C9B2A7A50D7005B473C /* QuotesPage.swift in Sources */,
				BD8A4C992A7A50CB005B473C /* NewsPage.swift in Sources */,
				BD8A4C9F2A7A50F9005B473C /* ResourcesPage.swift in Sources */,
				BDCEEBDE2A78FB56003220C2 /* StudiBudiAppApp.swift in Sources */,
			);
			runOnlyForDeploymentPostprocessing = 0;
		};
/* End PBXSourcesBuildPhase section */

/* Begin XCBuildConfiguration section */
		BDCEEBE62A78FB58003220C2 /* Debug */ = {
			isa = XCBuildConfiguration;
			buildSettings = {
				ALWAYS_SEARCH_USER_PATHS = NO;
				CLANG_ANALYZER_NONNULL = YES;
				CLANG_ANALYZER_NUMBER_OBJECT_CONVERSION = YES_AGGRESSIVE;
				CLANG_CXX_LANGUAGE_STANDARD = "gnu++20";
				CLANG_ENABLE_MODULES = YES;
				CLANG_ENABLE_OBJC_ARC = YES;
				CLANG_ENABLE_OBJC_WEAK = YES;
				CLANG_WARN_BLOCK_CAPTURE_AUTORELEASING = YES;
				CLANG_WARN_BOOL_CONVERSION = YES;
				CLANG_WARN_COMMA = YES;
				CLANG_WARN_CONSTANT_CONVERSION = YES;
				CLANG_WARN_DEPRECATED_OBJC_IMPLEMENTATIONS = YES;
				CLANG_WARN_DIRECT_OBJC_ISA_USAGE = YES_ERROR;
				CLANG_WARN_DOCUMENTATION_COMMENTS = YES;
				CLANG_WARN_EMPTY_BODY = YES;
				CLANG_WARN_ENUM_CONVERSION = YES;
				CLANG_WARN_INFINITE_RECURSION = YES;
				CLANG_WARN_INT_CONVERSION = YES;
				CLANG_WARN_NON_LITERAL_NULL_CONVERSION = YES;
				CLANG_WARN_OBJC_IMPLICIT_RETAIN_SELF = YES;
				CLANG_WARN_OBJC_LITERAL_CONVERSION = YES;
				CLANG_WARN_OBJC_ROOT_CLASS = YES_ERROR;
				CLANG_WARN_QUOTED_INCLUDE_IN_FRAMEWORK_HEADER = YES;
				CLANG_WARN_RANGE_LOOP_ANALYSIS = YES;
				CLANG_WARN_STRICT_PROTOTYPES = YES;
				CLANG_WARN_SUSPICIOUS_MOVE = YES;
				CLANG_WARN_UNGUARDED_AVAILABILITY = YES_AGGRESSIVE;
				CLANG_WARN_UNREACHABLE_CODE = YES;
				CLANG_WARN__DUPLICATE_METHOD_MATCH = YES;
				COPY_PHASE_STRIP = NO;
				DEBUG_INFORMATION_FORMAT = dwarf;
				ENABLE_STRICT_OBJC_MSGSEND = YES;
				ENABLE_TESTABILITY = YES;
				GCC_C_LANGUAGE_STANDARD = gnu11;
				GCC_DYNAMIC_NO_PIC = NO;
				GCC_NO_COMMON_BLOCKS = YES;
				GCC_OPTIMIZATION_LEVEL = 0;
				GCC_PREPROCESSOR_DEFINITIONS = (
					"DEBUG=1",
					"$(inherited)",
				);
				GCC_WARN_64_TO_32_BIT_CONVERSION = YES;
				GCC_WARN_ABOUT_RETURN_TYPE = YES_ERROR;
				GCC_WARN_UNDECLARED_SELECTOR = YES;
				GCC_WARN_UNINITIALIZED_AUTOS = YES_AGGRESSIVE;
				GCC_WARN_UNUSED_FUNCTION = YES;
				GCC_WARN_UNUSED_VARIABLE = YES;
				IPHONEOS_DEPLOYMENT_TARGET = 16.4;
				MTL_ENABLE_DEBUG_INFO = INCLUDE_SOURCE;
				MTL_FAST_MATH = YES;
				ONLY_ACTIVE_ARCH = YES;
				SDKROOT = iphoneos;
				SWIFT_ACTIVE_COMPILATION_CONDITIONS = DEBUG;
				SWIFT_OPTIMIZATION_LEVEL = "-Onone";
			};
			name = Debug;
		};
		BDCEEBE72A78FB58003220C2 /* Release */ = {
			isa = XCBuildConfiguration;
			buildSettings = {
				ALWAYS_SEARCH_USER_PATHS = NO;
				CLANG_ANALYZER_NONNULL = YES;
				CLANG_ANALYZER_NUMBER_OBJECT_CONVERSION = YES_AGGRESSIVE;
				CLANG_CXX_LANGUAGE_STANDARD = "gnu++20";
				CLANG_ENABLE_MODULES = YES;
				CLANG_ENABLE_OBJC_ARC = YES;
				CLANG_ENABLE_OBJC_WEAK = YES;
				CLANG_WARN_BLOCK_CAPTURE_AUTORELEASING = YES;
				CLANG_WARN_BOOL_CONVERSION = YES;
				CLANG_WARN_COMMA = YES;
				CLANG_WARN_CONSTANT_CONVERSION = YES;
				CLANG_WARN_DEPRECATED_OBJC_IMPLEMENTATIONS = YES;
				CLANG_WARN_DIRECT_OBJC_ISA_USAGE = YES_ERROR;
				CLANG_WARN_DOCUMENTATION_COMMENTS = YES;
				CLANG_WARN_EMPTY_BODY = YES;
				CLANG_WARN_ENUM_CONVERSION = YES;
				CLANG_WARN_INFINITE_RECURSION = YES;
				CLANG_WARN_INT_CONVERSION = YES;
				CLANG_WARN_NON_LITERAL_NULL_CONVERSION = YES;
				CLANG_WARN_OBJC_IMPLICIT_RETAIN_SELF = YES;
				CLANG_WARN_OBJC_LITERAL_CONVERSION = YES;
				CLANG_WARN_OBJC_ROOT_CLASS = YES_ERROR;
				CLANG_WARN_QUOTED_INCLUDE_IN_FRAMEWORK_HEADER = YES;
				CLANG_WARN_RANGE_LOOP_ANALYSIS = YES;
				CLANG_WARN_STRICT_PROTOTYPES = YES;
				CLANG_WARN_SUSPICIOUS_MOVE = YES;
				CLANG_WARN_UNGUARDED_AVAILABILITY = YES_AGGRESSIVE;
				CLANG_WARN_UNREACHABLE_CODE = YES;
				CLANG_WARN__DUPLICATE_METHOD_MATCH = YES;
				COPY_PHASE_STRIP = NO;
				DEBUG_INFORMATION_FORMAT = "dwarf-with-dsym";
				ENABLE_NS_ASSERTIONS = NO;
				ENABLE_STRICT_OBJC_MSGSEND = YES;
				GCC_C_LANGUAGE_STANDARD = gnu11;
				GCC_NO_COMMON_BLOCKS = YES;
				GCC_WARN_64_TO_32_BIT_CONVERSION = YES;
				GCC_WARN_ABOUT_RETURN_TYPE = YES_ERROR;
				GCC_WARN_UNDECLARED_SELECTOR = YES;
				GCC_WARN_UNINITIALIZED_AUTOS = YES_AGGRESSIVE;
				GCC_WARN_UNUSED_FUNCTION = YES;
				GCC_WARN_UNUSED_VARIABLE = YES;
				IPHONEOS_DEPLOYMENT_TARGET = 16.4;
				MTL_ENABLE_DEBUG_INFO = NO;
				MTL_FAST_MATH = YES;
				SDKROOT = iphoneos;
				SWIFT_COMPILATION_MODE = wholemodule;
				SWIFT_OPTIMIZATION_LEVEL = "-O";
				VALIDATE_PRODUCT = YES;
			};
			name = Release;
		};
		BDCEEBE92A78FB58003220C2 /* Debug */ = {
			isa = XCBuildConfiguration;
			buildSettings = {
				ASSETCATALOG_COMPILER_APPICON_NAME = AppIcon;
				ASSETCATALOG_COMPILER_GLOBAL_ACCENT_COLOR_NAME = AccentColor;
				CODE_SIGN_STYLE = Automatic;
				CURRENT_PROJECT_VERSION = 1;
				DEVELOPMENT_ASSET_PATHS = "\"StudiBudiApp/Preview Content\"";
				ENABLE_PREVIEWS = YES;
				GENERATE_INFOPLIST_FILE = YES;
				INFOPLIST_KEY_UIApplicationSceneManifest_Generation = YES;
				INFOPLIST_KEY_UIApplicationSupportsIndirectInputEvents = YES;
				INFOPLIST_KEY_UILaunchScreen_Generation = YES;
				INFOPLIST_KEY_UISupportedInterfaceOrientations_iPad = "UIInterfaceOrientationPortrait UIInterfaceOrientationPortraitUpsideDown UIInterfaceOrientationLandscapeLeft UIInterfaceOrientationLandscapeRight";
				INFOPLIST_KEY_UISupportedInterfaceOrientations_iPhone = "UIInterfaceOrientationPortrait UIInterfaceOrientationLandscapeLeft UIInterfaceOrientationLandscapeRight";
				LD_RUNPATH_SEARCH_PATHS = (
					"$(inherited)",
					"@executable_path/Frameworks",
				);
				MARKETING_VERSION = 1.0;
				PRODUCT_BUNDLE_IDENTIFIER = kwk.StudiBudiApp;
				PRODUCT_NAME = "$(TARGET_NAME)";
				SWIFT_EMIT_LOC_STRINGS = YES;
				SWIFT_VERSION = 5.0;
				TARGETED_DEVICE_FAMILY = "1,2";
			};
			name = Debug;
		};
		BDCEEBEA2A78FB58003220C2 /* Release */ = {
			isa = XCBuildConfiguration;
			buildSettings = {
				ASSETCATALOG_COMPILER_APPICON_NAME = AppIcon;
				ASSETCATALOG_COMPILER_GLOBAL_ACCENT_COLOR_NAME = AccentColor;
				CODE_SIGN_STYLE = Automatic;
				CURRENT_PROJECT_VERSION = 1;
				DEVELOPMENT_ASSET_PATHS = "\"StudiBudiApp/Preview Content\"";
				ENABLE_PREVIEWS = YES;
				GENERATE_INFOPLIST_FILE = YES;
				INFOPLIST_KEY_UIApplicationSceneManifest_Generation = YES;
				INFOPLIST_KEY_UIApplicationSupportsIndirectInputEvents = YES;
				INFOPLIST_KEY_UILaunchScreen_Generation = YES;
				INFOPLIST_KEY_UISupportedInterfaceOrientations_iPad = "UIInterfaceOrientationPortrait UIInterfaceOrientationPortraitUpsideDown UIInterfaceOrientationLandscapeLeft UIInterfaceOrientationLandscapeRight";
				INFOPLIST_KEY_UISupportedInterfaceOrientations_iPhone = "UIInterfaceOrientationPortrait UIInterfaceOrientationLandscapeLeft UIInterfaceOrientationLandscapeRight";
				LD_RUNPATH_SEARCH_PATHS = (
					"$(inherited)",
					"@executable_path/Frameworks",
				);
				MARKETING_VERSION = 1.0;
				PRODUCT_BUNDLE_IDENTIFIER = kwk.StudiBudiApp;
				PRODUCT_NAME = "$(TARGET_NAME)";
				SWIFT_EMIT_LOC_STRINGS = YES;
				SWIFT_VERSION = 5.0;
				TARGETED_DEVICE_FAMILY = "1,2";
			};
			name = Release;
		};
/* End XCBuildConfiguration section */

/* Begin XCConfigurationList section */
		BDCEEBD52A78FB56003220C2 /* Build configuration list for PBXProject "StudiBudiApp" */ = {
			isa = XCConfigurationList;
			buildConfigurations = (
				BDCEEBE62A78FB58003220C2 /* Debug */,
				BDCEEBE72A78FB58003220C2 /* Release */,
			);
			defaultConfigurationIsVisible = 0;
			defaultConfigurationName = Release;
		};
		BDCEEBE82A78FB58003220C2 /* Build configuration list for PBXNativeTarget "StudiBudiApp" */ = {
			isa = XCConfigurationList;
			buildConfigurations = (
				BDCEEBE92A78FB58003220C2 /* Debug */,
				BDCEEBEA2A78FB58003220C2 /* Release */,
			);
			defaultConfigurationIsVisible = 0;
			defaultConfigurationName = Release;
		};
/* End XCConfigurationList section */
	};
	rootObject = BDCEEBD22A78FB56003220C2 /* Project object */;
}
